# This file is automatically @generated by Cargo.
# It is not intended for manual editing.
version = 4

[[package]]
name = "pollard-cli"
version = "0.1.0"

[[package]]
name = "pollard-core"
version = "0.1.0"

[[package]]
name = "pollard-git"
version = "0.1.0"

[[package]]
name = "pollard-objects"
version = "0.1.0"

[[package]]
name = "pollard-remote"
version = "0.1.0"
